
Microsoft Visual Studio Solution File, Format Version 12.00
# Visual Studio Version 16
VisualStudioVersion = 16.0.31702.278
MinimumVisualStudioVersion = 10.0.40219.1
Project("{FAE04EC0-301F-11D3-BF4B-00C04F79EFBC}") = "TrainingManagementRestAPI", "TrainingManagementRestAPI\TrainingManagementRestAPI.csproj", "{7D00EE22-8DCA-4166-9E8D-516F8EA96027}"
EndProject
Global
	GlobalSection(SolutionConfigurationPlatforms) = preSolution
		Debug|Any CPU = Debug|Any CPU
		Release|Any CPU = Release|Any CPU
	EndGlobalSection
	GlobalSection(ProjectConfigurationPlatforms) = postSolution
		{7D00EE22-8DCA-4166-9E8D-516F8EA96027}.Debug|Any CPU.ActiveCfg = Debug|Any CPU
		{7D00EE22-8DCA-4166-9E8D-516F8EA96027}.Debug|Any CPU.Build.0 = Debug|Any CPU
		{7D00EE22-8DCA-4166-9E8D-516F8EA96027}.Release|Any CPU.ActiveCfg = Release|Any CPU
		{7D00EE22-8DCA-4166-9E8D-516F8EA96027}.Release|Any CPU.Build.0 = Release|Any CPU
	EndGlobalSection
	GlobalSection(SolutionProperties) = preSolution
		HideSolutionNode = FALSE
	EndGlobalSection
	GlobalSection(ExtensibilityGlobals) = postSolution
		SolutionGuid = {493E5D25-E61B-4A26-A5A1-5DA09D3E2778}
	EndGlobalSection
EndGlobal
